// !$*UTF8*$!
{
	archiveVersion = 1;
	classes = {
	};
	objectVersion = 50;
	objects = {

/* Begin PBXBuildFile section */
		B61DB4678C897E31279435E8 /* libPods-V2Client.a in Frameworks */ = {isa = PBXBuildFile; fileRef = EEECFC101CD3B3D8C1CFF595 /* libPods-V2Client.a */; };
		C40C31A121F73BF600109E4A /* AppDelegate.m in Sources */ = {isa = PBXBuildFile; fileRef = C40C31A021F73BF600109E4A /* AppDelegate.m */; };
		C40C31A421F73BF600109E4A /* ViewController.m in Sources */ = {isa = PBXBuildFile; fileRef = C40C31A321F73BF600109E4A /* ViewController.m */; };
		C40C31A721F73BF600109E4A /* Main.storyboard in Resources */ = {isa = PBXBuildFile; fileRef = C40C31A521F73BF600109E4A /* Main.storyboard */; };
		C40C31A921F73BF700109E4A /* Assets.xcassets in Resources */ = {isa = PBXBuildFile; fileRef = C40C31A821F73BF700109E4A /* Assets.xcassets */; };
		C40C31AC21F73BF700109E4A /* LaunchScreen.storyboard in Resources */ = {isa = PBXBuildFile; fileRef = C40C31AA21F73BF700109E4A /* LaunchScreen.storyboard */; };
		C40C31AF21F73BF700109E4A /* main.m in Sources */ = {isa = PBXBuildFile; fileRef = C40C31AE21F73BF700109E4A /* main.m */; };
		C428C4712200258000AA0542 /* DetailViewController.m in Sources */ = {isa = PBXBuildFile; fileRef = C428C4702200258000AA0542 /* DetailViewController.m */; };
		C428C4742200265B00AA0542 /* UIView+HSKit.m in Sources */ = {isa = PBXBuildFile; fileRef = C428C4722200265B00AA0542 /* UIView+HSKit.m */; };
		C4339DD721F806D100314BCB /* Topic.m in Sources */ = {isa = PBXBuildFile; fileRef = C4339DD621F806D100314BCB /* Topic.m */; };
		C4339DDA21F8080100314BCB /* Node.m in Sources */ = {isa = PBXBuildFile; fileRef = C4339DD921F8080100314BCB /* Node.m */; };
		C4339DDD21F83E4200314BCB /* MainTableViewCell.m in Sources */ = {isa = PBXBuildFile; fileRef = C4339DDC21F83E4200314BCB /* MainTableViewCell.m */; };
		C4339DE021F83EDB00314BCB /* Member.m in Sources */ = {isa = PBXBuildFile; fileRef = C4339DDF21F83EDB00314BCB /* Member.m */; };
		C4339DE621F8402F00314BCB /* MainService.m in Sources */ = {isa = PBXBuildFile; fileRef = C4339DE521F8402F00314BCB /* MainService.m */; };
		C436337E2213B301006739B4 /* V2exUser.m in Sources */ = {isa = PBXBuildFile; fileRef = C436337D2213B301006739B4 /* V2exUser.m */; };
		C43633812213EA7A006739B4 /* V2exControllerHolder.m in Sources */ = {isa = PBXBuildFile; fileRef = C43633802213EA7A006739B4 /* V2exControllerHolder.m */; };
		C43633852213ECFB006739B4 /* LoginViewController.m in Sources */ = {isa = PBXBuildFile; fileRef = C43633842213ECFB006739B4 /* LoginViewController.m */; };
		C43633892213EDFB006739B4 /* 32.jpg in Resources */ = {isa = PBXBuildFile; fileRef = C43633872213EDFB006739B4 /* 32.jpg */; };
		C436338A2213EDFB006739B4 /* 12.jpg in Resources */ = {isa = PBXBuildFile; fileRef = C43633882213EDFB006739B4 /* 12.jpg */; };
		C448D727220133BF00102BF4 /* ReplyDetailCell.m in Sources */ = {isa = PBXBuildFile; fileRef = C448D726220133BF00102BF4 /* ReplyDetailCell.m */; };
		C448D72A2201377700102BF4 /* Reply.m in Sources */ = {isa = PBXBuildFile; fileRef = C448D7292201377700102BF4 /* Reply.m */; };
		C46611B52212A73200A96ECB /* LeftMenuController.m in Sources */ = {isa = PBXBuildFile; fileRef = C46611B42212A73200A96ECB /* LeftMenuController.m */; };
		C46611BC2212AA9600A96ECB /* V2exColor.m in Sources */ = {isa = PBXBuildFile; fileRef = C46611BB2212AA9600A96ECB /* V2exColor.m */; };
		C46611C22212AF5B00A96ECB /* UserHeaderCell.m in Sources */ = {isa = PBXBuildFile; fileRef = C46611C12212AF5B00A96ECB /* UserHeaderCell.m */; };
		C4BB736121F945160026BB06 /* Constants.m in Sources */ = {isa = PBXBuildFile; fileRef = C4BB736021F945160026BB06 /* Constants.m */; };
		C4D24F6D21F742C100C18731 /* MainViewController.m in Sources */ = {isa = PBXBuildFile; fileRef = C4D24F6C21F742C100C18731 /* MainViewController.m */; };
		C4D538A622115F8200EA7D14 /* LeftMenuView.m in Sources */ = {isa = PBXBuildFile; fileRef = C4D538A522115F8200EA7D14 /* LeftMenuView.m */; };
/* End PBXBuildFile section */

/* Begin PBXFileReference section */
		236EFB1A454465138531D4F6 /* Pods-V2Client.debug.xcconfig */ = {isa = PBXFileReference; includeInIndex = 1; lastKnownFileType = text.xcconfig; name = "Pods-V2Client.debug.xcconfig"; path = "Pods/Target Support Files/Pods-V2Client/Pods-V2Client.debug.xcconfig"; sourceTree = "<group>"; };
		71D14DB8B1D4A91E0B17CBFA /* Pods-V2Client.release.xcconfig */ = {isa = PBXFileReference; includeInIndex = 1; lastKnownFileType = text.xcconfig; name = "Pods-V2Client.release.xcconfig"; path = "Pods/Target Support Files/Pods-V2Client/Pods-V2Client.release.xcconfig"; sourceTree = "<group>"; };
		C408663021FAF0A000949CB7 /* ReplyDetailCell.h */ = {isa = PBXFileReference; lastKnownFileType = sourcecode.c.h; path = ReplyDetailCell.h; sourceTree = "<group>"; };
		C40C319C21F73BF600109E4A /* V2Client.app */ = {isa = PBXFileReference; explicitFileType = wrapper.application; includeInIndex = 0; path = V2Client.app; sourceTree = BUILT_PRODUCTS_DIR; };
		C40C319F21F73BF600109E4A /* AppDelegate.h */ = {isa = PBXFileReference; lastKnownFileType = sourcecode.c.h; path = AppDelegate.h; sourceTree = "<group>"; };
		C40C31A021F73BF600109E4A /* AppDelegate.m */ = {isa = PBXFileReference; lastKnownFileType = sourcecode.c.objc; path = AppDelegate.m; sourceTree = "<group>"; };
		C40C31A221F73BF600109E4A /* ViewController.h */ = {isa = PBXFileReference; lastKnownFileType = sourcecode.c.h; path = ViewController.h; sourceTree = "<group>"; };
		C40C31A321F73BF600109E4A /* ViewController.m */ = {isa = PBXFileReference; lastKnownFileType = sourcecode.c.objc; path = ViewController.m; sourceTree = "<group>"; };
		C40C31A621F73BF600109E4A /* Base */ = {isa = PBXFileReference; lastKnownFileType = file.storyboard; name = Base; path = Base.lproj/Main.storyboard; sourceTree = "<group>"; };
		C40C31A821F73BF700109E4A /* Assets.xcassets */ = {isa = PBXFileReference; lastKnownFileType = folder.assetcatalog; path = Assets.xcassets; sourceTree = "<group>"; };
		C40C31AB21F73BF700109E4A /* Base */ = {isa = PBXFileReference; lastKnownFileType = file.storyboard; name = Base; path = Base.lproj/LaunchScreen.storyboard; sourceTree = "<group>"; };
		C40C31AD21F73BF700109E4A /* Info.plist */ = {isa = PBXFileReference; lastKnownFileType = text.plist.xml; path = Info.plist; sourceTree = "<group>"; };
		C40C31AE21F73BF700109E4A /* main.m */ = {isa = PBXFileReference; lastKnownFileType = sourcecode.c.objc; path = main.m; sourceTree = "<group>"; };
		C428C46F2200258000AA0542 /* DetailViewController.h */ = {isa = PBXFileReference; fileEncoding = 4; lastKnownFileType = sourcecode.c.h; path = DetailViewController.h; sourceTree = "<group>"; };
		C428C4702200258000AA0542 /* DetailViewController.m */ = {isa = PBXFileReference; fileEncoding = 4; lastKnownFileType = sourcecode.c.objc; path = DetailViewController.m; sourceTree = "<group>"; };
		C428C4722200265B00AA0542 /* UIView+HSKit.m */ = {isa = PBXFileReference; fileEncoding = 4; lastKnownFileType = sourcecode.c.objc; path = "UIView+HSKit.m"; sourceTree = "<group>"; };
		C428C4732200265B00AA0542 /* UIView+HSKit.h */ = {isa = PBXFileReference; fileEncoding = 4; lastKnownFileType = sourcecode.c.h; path = "UIView+HSKit.h"; sourceTree = "<group>"; };
		C4339DD521F806D100314BCB /* Topic.h */ = {isa = PBXFileReference; lastKnownFileType = sourcecode.c.h; path = Topic.h; sourceTree = "<group>"; };
		C4339DD621F806D100314BCB /* Topic.m */ = {isa = PBXFileReference; lastKnownFileType = sourcecode.c.objc; path = Topic.m; sourceTree = "<group>"; };
		C4339DD821F8080100314BCB /* Node.h */ = {isa = PBXFileReference; lastKnownFileType = sourcecode.c.h; path = Node.h; sourceTree = "<group>"; };
		C4339DD921F8080100314BCB /* Node.m */ = {isa = PBXFileReference; lastKnownFileType = sourcecode.c.objc; path = Node.m; sourceTree = "<group>"; };
		C4339DDB21F83E4200314BCB /* MainTableViewCell.h */ = {isa = PBXFileReference; lastKnownFileType = sourcecode.c.h; path = MainTableViewCell.h; sourceTree = "<group>"; };
		C4339DDC21F83E4200314BCB /* MainTableViewCell.m */ = {isa = PBXFileReference; lastKnownFileType = sourcecode.c.objc; path = MainTableViewCell.m; sourceTree = "<group>"; };
		C4339DDE21F83EDB00314BCB /* Member.h */ = {isa = PBXFileReference; lastKnownFileType = sourcecode.c.h; path = Member.h; sourceTree = "<group>"; };
		C4339DDF21F83EDB00314BCB /* Member.m */ = {isa = PBXFileReference; lastKnownFileType = sourcecode.c.objc; path = Member.m; sourceTree = "<group>"; };
		C4339DE421F8402F00314BCB /* MainService.h */ = {isa = PBXFileReference; lastKnownFileType = sourcecode.c.h; path = MainService.h; sourceTree = "<group>"; };
		C4339DE521F8402F00314BCB /* MainService.m */ = {isa = PBXFileReference; lastKnownFileType = sourcecode.c.objc; path = MainService.m; sourceTree = "<group>"; };
		C4339DE921F855EC00314BCB /* PrefixHeader.pch */ = {isa = PBXFileReference; lastKnownFileType = sourcecode.c.h; path = PrefixHeader.pch; sourceTree = "<group>"; };
		C436337C2213B301006739B4 /* V2exUser.h */ = {isa = PBXFileReference; lastKnownFileType = sourcecode.c.h; path = V2exUser.h; sourceTree = "<group>"; };
		C436337D2213B301006739B4 /* V2exUser.m */ = {isa = PBXFileReference; lastKnownFileType = sourcecode.c.objc; path = V2exUser.m; sourceTree = "<group>"; };
		C436337F2213EA7A006739B4 /* V2exControllerHolder.h */ = {isa = PBXFileReference; lastKnownFileType = sourcecode.c.h; path = V2exControllerHolder.h; sourceTree = "<group>"; };
		C43633802213EA7A006739B4 /* V2exControllerHolder.m */ = {isa = PBXFileReference; lastKnownFileType = sourcecode.c.objc; path = V2exControllerHolder.m; sourceTree = "<group>"; };
		C43633832213ECFB006739B4 /* LoginViewController.h */ = {isa = PBXFileReference; lastKnownFileType = sourcecode.c.h; path = LoginViewController.h; sourceTree = "<group>"; };
		C43633842213ECFB006739B4 /* LoginViewController.m */ = {isa = PBXFileReference; lastKnownFileType = sourcecode.c.objc; path = LoginViewController.m; sourceTree = "<group>"; };
		C43633872213EDFB006739B4 /* 32.jpg */ = {isa = PBXFileReference; lastKnownFileType = image.jpeg; path = 32.jpg; sourceTree = "<group>"; };
		C43633882213EDFB006739B4 /* 12.jpg */ = {isa = PBXFileReference; lastKnownFileType = image.jpeg; path = 12.jpg; sourceTree = "<group>"; };
		C448D726220133BF00102BF4 /* ReplyDetailCell.m */ = {isa = PBXFileReference; fileEncoding = 4; lastKnownFileType = sourcecode.c.objc; path = ReplyDetailCell.m; sourceTree = "<group>"; };
		C448D7282201377700102BF4 /* Reply.h */ = {isa = PBXFileReference; lastKnownFileType = sourcecode.c.h; path = Reply.h; sourceTree = "<group>"; };
		C448D7292201377700102BF4 /* Reply.m */ = {isa = PBXFileReference; lastKnownFileType = sourcecode.c.objc; path = Reply.m; sourceTree = "<group>"; };
		C46611B32212A73200A96ECB /* LeftMenuController.h */ = {isa = PBXFileReference; lastKnownFileType = sourcecode.c.h; path = LeftMenuController.h; sourceTree = "<group>"; };
		C46611B42212A73200A96ECB /* LeftMenuController.m */ = {isa = PBXFileReference; lastKnownFileType = sourcecode.c.objc; path = LeftMenuController.m; sourceTree = "<group>"; };
		C46611BA2212AA9600A96ECB /* V2exColor.h */ = {isa = PBXFileReference; lastKnownFileType = sourcecode.c.h; path = V2exColor.h; sourceTree = "<group>"; };
		C46611BB2212AA9600A96ECB /* V2exColor.m */ = {isa = PBXFileReference; lastKnownFileType = sourcecode.c.objc; path = V2exColor.m; sourceTree = "<group>"; };
		C46611C02212AF5B00A96ECB /* UserHeaderCell.h */ = {isa = PBXFileReference; lastKnownFileType = sourcecode.c.h; path = UserHeaderCell.h; sourceTree = "<group>"; };
		C46611C12212AF5B00A96ECB /* UserHeaderCell.m */ = {isa = PBXFileReference; lastKnownFileType = sourcecode.c.objc; path = UserHeaderCell.m; sourceTree = "<group>"; };
		C4BB735F21F945160026BB06 /* Constants.h */ = {isa = PBXFileReference; lastKnownFileType = sourcecode.c.h; path = Constants.h; sourceTree = "<group>"; };
		C4BB736021F945160026BB06 /* Constants.m */ = {isa = PBXFileReference; lastKnownFileType = sourcecode.c.objc; path = Constants.m; sourceTree = "<group>"; };
		C4D24F6B21F742C100C18731 /* MainViewController.h */ = {isa = PBXFileReference; lastKnownFileType = sourcecode.c.h; path = MainViewController.h; sourceTree = "<group>"; };
		C4D24F6C21F742C100C18731 /* MainViewController.m */ = {isa = PBXFileReference; lastKnownFileType = sourcecode.c.objc; path = MainViewController.m; sourceTree = "<group>"; };
		C4D538A422115F8200EA7D14 /* LeftMenuView.h */ = {isa = PBXFileReference; lastKnownFileType = sourcecode.c.h; path = LeftMenuView.h; sourceTree = "<group>"; };
		C4D538A522115F8200EA7D14 /* LeftMenuView.m */ = {isa = PBXFileReference; lastKnownFileType = sourcecode.c.objc; path = LeftMenuView.m; sourceTree = "<group>"; };
		EEECFC101CD3B3D8C1CFF595 /* libPods-V2Client.a */ = {isa = PBXFileReference; explicitFileType = archive.ar; includeInIndex = 0; path = "libPods-V2Client.a"; sourceTree = BUILT_PRODUCTS_DIR; };
/* End PBXFileReference section */

/* Begin PBXFrameworksBuildPhase section */
		C40C319921F73BF600109E4A /* Frameworks */ = {
			isa = PBXFrameworksBuildPhase;
			buildActionMask = 2147483647;
			files = (
				B61DB4678C897E31279435E8 /* libPods-V2Client.a in Frameworks */,
			);
			runOnlyForDeploymentPostprocessing = 0;
		};
/* End PBXFrameworksBuildPhase section */

/* Begin PBXGroup section */
		AE431DB9C48B4C28194CD37B /* Frameworks */ = {
			isa = PBXGroup;
			children = (
				EEECFC101CD3B3D8C1CFF595 /* libPods-V2Client.a */,
			);
			name = Frameworks;
			sourceTree = "<group>";
		};
		C40C319321F73BF600109E4A = {
			isa = PBXGroup;
			children = (
				C40C319E21F73BF600109E4A /* V2Client */,
				C40C319D21F73BF600109E4A /* Products */,
				DF1A0A9DC8B24C56E3ED99B9 /* Pods */,
				AE431DB9C48B4C28194CD37B /* Frameworks */,
			);
			sourceTree = "<group>";
		};
		C40C319D21F73BF600109E4A /* Products */ = {
			isa = PBXGroup;
			children = (
				C40C319C21F73BF600109E4A /* V2Client.app */,
			);
			name = Products;
			sourceTree = "<group>";
		};
		C40C319E21F73BF600109E4A /* V2Client */ = {
			isa = PBXGroup;
			children = (
				C46611B62212A9FB00A96ECB /* Common */,
				C428C4752200266D00AA0542 /* Extend */,
				C4339DE821F855C600314BCB /* Resources */,
				C4339DE121F83FE500314BCB /* Service */,
				C4339DD421F8068400314BCB /* Module */,
				C4D24F6A21F7429900C18731 /* ViewController */,
				C46611B12212A61000A96ECB /* View */,
				C40C319F21F73BF600109E4A /* AppDelegate.h */,
				C40C31A021F73BF600109E4A /* AppDelegate.m */,
				C40C31A221F73BF600109E4A /* ViewController.h */,
				C40C31A321F73BF600109E4A /* ViewController.m */,
				C40C31A521F73BF600109E4A /* Main.storyboard */,
				C40C31A821F73BF700109E4A /* Assets.xcassets */,
				C40C31AA21F73BF700109E4A /* LaunchScreen.storyboard */,
				C40C31AD21F73BF700109E4A /* Info.plist */,
				C40C31AE21F73BF700109E4A /* main.m */,
			);
			path = V2Client;
			sourceTree = "<group>";
		};
		C428C4752200266D00AA0542 /* Extend */ = {
			isa = PBXGroup;
			children = (
				C428C4732200265B00AA0542 /* UIView+HSKit.h */,
				C428C4722200265B00AA0542 /* UIView+HSKit.m */,
			);
			path = Extend;
			sourceTree = "<group>";
		};
		C4339DD421F8068400314BCB /* Module */ = {
			isa = PBXGroup;
			children = (
				C4339DD521F806D100314BCB /* Topic.h */,
				C4339DD621F806D100314BCB /* Topic.m */,
				C4339DD821F8080100314BCB /* Node.h */,
				C4339DD921F8080100314BCB /* Node.m */,
				C4339DDE21F83EDB00314BCB /* Member.h */,
				C4339DDF21F83EDB00314BCB /* Member.m */,
				C448D7282201377700102BF4 /* Reply.h */,
				C448D7292201377700102BF4 /* Reply.m */,
			);
			path = Module;
			sourceTree = "<group>";
		};
		C4339DE121F83FE500314BCB /* Service */ = {
			isa = PBXGroup;
			children = (
				C4339DE321F8400E00314BCB /* Main */,
			);
			path = Service;
			sourceTree = "<group>";
		};
		C4339DE221F83FF700314BCB /* Main */ = {
			isa = PBXGroup;
			children = (
				C4D24F6B21F742C100C18731 /* MainViewController.h */,
				C4D24F6C21F742C100C18731 /* MainViewController.m */,
				C4339DDB21F83E4200314BCB /* MainTableViewCell.h */,
				C4339DDC21F83E4200314BCB /* MainTableViewCell.m */,
			);
			path = Main;
			sourceTree = "<group>";
		};
		C4339DE321F8400E00314BCB /* Main */ = {
			isa = PBXGroup;
			children = (
				C4339DE421F8402F00314BCB /* MainService.h */,
				C4339DE521F8402F00314BCB /* MainService.m */,
			);
			path = Main;
			sourceTree = "<group>";
		};
		C4339DE821F855C600314BCB /* Resources */ = {
			isa = PBXGroup;
			children = (
				C43633862213EDA2006739B4 /* images */,
				C4339DE921F855EC00314BCB /* PrefixHeader.pch */,
				C4BB735F21F945160026BB06 /* Constants.h */,
				C4BB736021F945160026BB06 /* Constants.m */,
			);
			path = Resources;
			sourceTree = "<group>";
		};
		C43633822213ECDA006739B4 /* Login */ = {
			isa = PBXGroup;
			children = (
				C43633832213ECFB006739B4 /* LoginViewController.h */,
				C43633842213ECFB006739B4 /* LoginViewController.m */,
			);
			path = Login;
			sourceTree = "<group>";
		};
		C43633862213EDA2006739B4 /* images */ = {
			isa = PBXGroup;
			children = (
				C43633882213EDFB006739B4 /* 12.jpg */,
				C43633872213EDFB006739B4 /* 32.jpg */,
			);
			path = images;
			sourceTree = "<group>";
		};
		C46611B12212A61000A96ECB /* View */ = {
			isa = PBXGroup;
			children = (
				C4D538A322115C4200EA7D14 /* LeftMenu */,
			);
			path = View;
			sourceTree = "<group>";
		};
		C46611B22212A67500A96ECB /* LeftMenu */ = {
			isa = PBXGroup;
			children = (
				C46611B32212A73200A96ECB /* LeftMenuController.h */,
				C46611B42212A73200A96ECB /* LeftMenuController.m */,
			);
			path = LeftMenu;
			sourceTree = "<group>";
		};
		C46611B62212A9FB00A96ECB /* Common */ = {
			isa = PBXGroup;
			children = (
				C46611BA2212AA9600A96ECB /* V2exColor.h */,
				C46611BB2212AA9600A96ECB /* V2exColor.m */,
				C436337C2213B301006739B4 /* V2exUser.h */,
				C436337D2213B301006739B4 /* V2exUser.m */,
				C436337F2213EA7A006739B4 /* V2exControllerHolder.h */,
				C43633802213EA7A006739B4 /* V2exControllerHolder.m */,
			);
			path = Common;
			sourceTree = "<group>";
		};
		C4BB736221F98C2F0026BB06 /* TopicDetail */ = {
			isa = PBXGroup;
			children = (
				C428C46F2200258000AA0542 /* DetailViewController.h */,
				C428C4702200258000AA0542 /* DetailViewController.m */,
				C408663021FAF0A000949CB7 /* ReplyDetailCell.h */,
				C448D726220133BF00102BF4 /* ReplyDetailCell.m */,
			);
			path = TopicDetail;
			sourceTree = "<group>";
		};
		C4D24F6A21F7429900C18731 /* ViewController */ = {
			isa = PBXGroup;
			children = (
				C43633822213ECDA006739B4 /* Login */,
				C46611B22212A67500A96ECB /* LeftMenu */,
				C4BB736221F98C2F0026BB06 /* TopicDetail */,
				C4339DE221F83FF700314BCB /* Main */,
			);
			path = ViewController;
			sourceTree = "<group>";
		};
		C4D538A322115C4200EA7D14 /* LeftMenu */ = {
			isa = PBXGroup;
			children = (
				C4D538A422115F8200EA7D14 /* LeftMenuView.h */,
				C4D538A522115F8200EA7D14 /* LeftMenuView.m */,
				C46611C02212AF5B00A96ECB /* UserHeaderCell.h */,
				C46611C12212AF5B00A96ECB /* UserHeaderCell.m */,
			);
			path = LeftMenu;
			sourceTree = "<group>";
		};
		DF1A0A9DC8B24C56E3ED99B9 /* Pods */ = {
			isa = PBXGroup;
			children = (
				236EFB1A454465138531D4F6 /* Pods-V2Client.debug.xcconfig */,
				71D14DB8B1D4A91E0B17CBFA /* Pods-V2Client.release.xcconfig */,
			);
			name = Pods;
			sourceTree = "<group>";
		};
/* End PBXGroup section */

/* Begin PBXNativeTarget section */
		C40C319B21F73BF600109E4A /* V2Client */ = {
			isa = PBXNativeTarget;
			buildConfigurationList = C40C31B221F73BF700109E4A /* Build configuration list for PBXNativeTarget "V2Client" */;
			buildPhases = (
				1E37B21FF38389B08D3753CC /* [CP] Check Pods Manifest.lock */,
				C40C319821F73BF600109E4A /* Sources */,
				C40C319921F73BF600109E4A /* Frameworks */,
				C40C319A21F73BF600109E4A /* Resources */,
				F1DEEE80230E148AD9761CE7 /* [CP] Copy Pods Resources */,
			);
			buildRules = (
			);
			dependencies = (
			);
			name = V2Client;
			productName = V2Client;
			productReference = C40C319C21F73BF600109E4A /* V2Client.app */;
			productType = "com.apple.product-type.application";
		};
/* End PBXNativeTarget section */

/* Begin PBXProject section */
		C40C319421F73BF600109E4A /* Project object */ = {
			isa = PBXProject;
			attributes = {
				LastUpgradeCheck = 1010;
				ORGANIZATIONNAME = sandrew;
				TargetAttributes = {
					C40C319B21F73BF600109E4A = {
						CreatedOnToolsVersion = 10.1;
					};
				};
			};
			buildConfigurationList = C40C319721F73BF600109E4A /* Build configuration list for PBXProject "V2Client" */;
			compatibilityVersion = "Xcode 9.3";
			developmentRegion = en;
			hasScannedForEncodings = 0;
			knownRegions = (
				en,
				Base,
			);
			mainGroup = C40C319321F73BF600109E4A;
			productRefGroup = C40C319D21F73BF600109E4A /* Products */;
			projectDirPath = "";
			projectRoot = "";
			targets = (
				C40C319B21F73BF600109E4A /* V2Client */,
			);
		};
/* End PBXProject section */

/* Begin PBXResourcesBuildPhase section */
		C40C319A21F73BF600109E4A /* Resources */ = {
			isa = PBXResourcesBuildPhase;
			buildActionMask = 2147483647;
			files = (
				C436338A2213EDFB006739B4 /* 12.jpg in Resources */,
				C40C31AC21F73BF700109E4A /* LaunchScreen.storyboard in Resources */,
				C40C31A921F73BF700109E4A /* Assets.xcassets in Resources */,
				C43633892213EDFB006739B4 /* 32.jpg in Resources */,
				C40C31A721F73BF600109E4A /* Main.storyboard in Resources */,
			);
			runOnlyForDeploymentPostprocessing = 0;
		};
/* End PBXResourcesBuildPhase section */

/* Begin PBXShellScriptBuildPhase section */
		1E37B21FF38389B08D3753CC /* [CP] Check Pods Manifest.lock */ = {
			isa = PBXShellScriptBuildPhase;
			buildActionMask = 2147483647;
			files = (
			);
			inputFileListPaths = (
			);
			inputPaths = (
				"${PODS_PODFILE_DIR_PATH}/Podfile.lock",
				"${PODS_ROOT}/Manifest.lock",
			);
			name = "[CP] Check Pods Manifest.lock";
			outputFileListPaths = (
			);
			outputPaths = (
				"$(DERIVED_FILE_DIR)/Pods-V2Client-checkManifestLockResult.txt",
			);
			runOnlyForDeploymentPostprocessing = 0;
			shellPath = /bin/sh;
			shellScript = "diff \"${PODS_PODFILE_DIR_PATH}/Podfile.lock\" \"${PODS_ROOT}/Manifest.lock\" > /dev/null\nif [ $? != 0 ] ; then\n    # print error to STDERR\n    echo \"error: The sandbox is not in sync with the Podfile.lock. Run 'pod install' or update your CocoaPods installation.\" >&2\n    exit 1\nfi\n# This output is used by Xcode 'outputs' to avoid re-running this script phase.\necho \"SUCCESS\" > \"${SCRIPT_OUTPUT_FILE_0}\"\n";
			showEnvVarsInLog = 0;
		};
		F1DEEE80230E148AD9761CE7 /* [CP] Copy Pods Resources */ = {
			isa = PBXShellScriptBuildPhase;
			buildActionMask = 2147483647;
			files = (
			);
			inputFileListPaths = (
			);
			inputPaths = (
				"${SRCROOT}/Pods/Target Support Files/Pods-V2Client/Pods-V2Client-resources.sh",
				"${PODS_ROOT}/MJRefresh/MJRefresh/MJRefresh.bundle",
			);
			name = "[CP] Copy Pods Resources";
			outputFileListPaths = (
			);
			outputPaths = (
				"${TARGET_BUILD_DIR}/${UNLOCALIZED_RESOURCES_FOLDER_PATH}/MJRefresh.bundle",
			);
			runOnlyForDeploymentPostprocessing = 0;
			shellPath = /bin/sh;
			shellScript = "\"${SRCROOT}/Pods/Target Support Files/Pods-V2Client/Pods-V2Client-resources.sh\"\n";
			showEnvVarsInLog = 0;
		};
/* End PBXShellScriptBuildPhase section */

/* Begin PBXSourcesBuildPhase section */
		C40C319821F73BF600109E4A /* Sources */ = {
			isa = PBXSourcesBuildPhase;
			buildActionMask = 2147483647;
			files = (
				C40C31A421F73BF600109E4A /* ViewController.m in Sources */,
				C4339DE621F8402F00314BCB /* MainService.m in Sources */,
				C40C31AF21F73BF700109E4A /* main.m in Sources */,
				C46611B52212A73200A96ECB /* LeftMenuController.m in Sources */,
				C4339DDD21F83E4200314BCB /* MainTableViewCell.m in Sources */,
				C436337E2213B301006739B4 /* V2exUser.m in Sources */,
				C46611C22212AF5B00A96ECB /* UserHeaderCell.m in Sources */,
				C448D727220133BF00102BF4 /* ReplyDetailCell.m in Sources */,
				C43633812213EA7A006739B4 /* V2exControllerHolder.m in Sources */,
				C4339DE021F83EDB00314BCB /* Member.m in Sources */,
				C4BB736121F945160026BB06 /* Constants.m in Sources */,
				C43633852213ECFB006739B4 /* LoginViewController.m in Sources */,
				C428C4742200265B00AA0542 /* UIView+HSKit.m in Sources */,
				C40C31A121F73BF600109E4A /* AppDelegate.m in Sources */,
				C4D538A622115F8200EA7D14 /* LeftMenuView.m in Sources */,
				C448D72A2201377700102BF4 /* Reply.m in Sources */,
				C428C4712200258000AA0542 /* DetailViewController.m in Sources */,
				C4339DD721F806D100314BCB /* Topic.m in Sources */,
				C46611BC2212AA9600A96ECB /* V2exColor.m in Sources */,
				C4D24F6D21F742C100C18731 /* MainViewController.m in Sources */,
				C4339DDA21F8080100314BCB /* Node.m in Sources */,
			);
			runOnlyForDeploymentPostprocessing = 0;
		};
/* End PBXSourcesBuildPhase section */

/* Begin PBXVariantGroup section */
		C40C31A521F73BF600109E4A /* Main.storyboard */ = {
			isa = PBXVariantGroup;
			children = (
				C40C31A621F73BF600109E4A /* Base */,
			);
			name = Main.storyboard;
			sourceTree = "<group>";
		};
		C40C31AA21F73BF700109E4A /* LaunchScreen.storyboard */ = {
			isa = PBXVariantGroup;
			children = (
				C40C31AB21F73BF700109E4A /* Base */,
			);
			name = LaunchScreen.storyboard;
			sourceTree = "<group>";
		};
/* End PBXVariantGroup section */

/* Begin XCBuildConfiguration section */
		C40C31B021F73BF700109E4A /* Debug */ = {
			isa = XCBuildConfiguration;
			buildSettings = {
				ALWAYS_SEARCH_USER_PATHS = NO;
				CLANG_ANALYZER_NONNULL = YES;
				CLANG_ANALYZER_NUMBER_OBJECT_CONVERSION = YES_AGGRESSIVE;
				CLANG_CXX_LANGUAGE_STANDARD = "gnu++14";
				CLANG_CXX_LIBRARY = "libc++";
				CLANG_ENABLE_MODULES = YES;
				CLANG_ENABLE_OBJC_ARC = YES;
				CLANG_ENABLE_OBJC_WEAK = YES;
				CLANG_WARN_BLOCK_CAPTURE_AUTORELEASING = YES;
				CLANG_WARN_BOOL_CONVERSION = YES;
				CLANG_WARN_COMMA = YES;
				CLANG_WARN_CONSTANT_CONVERSION = YES;
				CLANG_WARN_DEPRECATED_OBJC_IMPLEMENTATIONS = YES;
				CLANG_WARN_DIRECT_OBJC_ISA_USAGE = YES_ERROR;
				CLANG_WARN_DOCUMENTATION_COMMENTS = YES;
				CLANG_WARN_EMPTY_BODY = YES;
				CLANG_WARN_ENUM_CONVERSION = YES;
				CLANG_WARN_INFINITE_RECURSION = YES;
				CLANG_WARN_INT_CONVERSION = YES;
				CLANG_WARN_NON_LITERAL_NULL_CONVERSION = YES;
				CLANG_WARN_OBJC_IMPLICIT_RETAIN_SELF = YES;
				CLANG_WARN_OBJC_LITERAL_CONVERSION = YES;
				CLANG_WARN_OBJC_ROOT_CLASS = YES_ERROR;
				CLANG_WARN_RANGE_LOOP_ANALYSIS = YES;
				CLANG_WARN_STRICT_PROTOTYPES = YES;
				CLANG_WARN_SUSPICIOUS_MOVE = YES;
				CLANG_WARN_UNGUARDED_AVAILABILITY = YES_AGGRESSIVE;
				CLANG_WARN_UNREACHABLE_CODE = YES;
				CLANG_WARN__DUPLICATE_METHOD_MATCH = YES;
				CODE_SIGN_IDENTITY = "iPhone Developer";
				COPY_PHASE_STRIP = NO;
				DEBUG_INFORMATION_FORMAT = dwarf;
				ENABLE_STRICT_OBJC_MSGSEND = YES;
				ENABLE_TESTABILITY = YES;
				GCC_C_LANGUAGE_STANDARD = gnu11;
				GCC_DYNAMIC_NO_PIC = NO;
				GCC_NO_COMMON_BLOCKS = YES;
				GCC_OPTIMIZATION_LEVEL = 0;
				GCC_PREPROCESSOR_DEFINITIONS = (
					"DEBUG=1",
					"$(inherited)",
				);
				GCC_WARN_64_TO_32_BIT_CONVERSION = YES;
				GCC_WARN_ABOUT_RETURN_TYPE = YES_ERROR;
				GCC_WARN_UNDECLARED_SELECTOR = YES;
				GCC_WARN_UNINITIALIZED_AUTOS = YES_AGGRESSIVE;
				GCC_WARN_UNUSED_FUNCTION = YES;
				GCC_WARN_UNUSED_VARIABLE = YES;
				IPHONEOS_DEPLOYMENT_TARGET = 12.1;
				MTL_ENABLE_DEBUG_INFO = INCLUDE_SOURCE;
				MTL_FAST_MATH = YES;
				ONLY_ACTIVE_ARCH = YES;
				SDKROOT = iphoneos;
			};
			name = Debug;
		};
		C40C31B121F73BF700109E4A /* Release */ = {
			isa = XCBuildConfiguration;
			buildSettings = {
				ALWAYS_SEARCH_USER_PATHS = NO;
				CLANG_ANALYZER_NONNULL = YES;
				CLANG_ANALYZER_NUMBER_OBJECT_CONVERSION = YES_AGGRESSIVE;
				CLANG_CXX_LANGUAGE_STANDARD = "gnu++14";
				CLANG_CXX_LIBRARY = "libc++";
				CLANG_ENABLE_MODULES = YES;
				CLANG_ENABLE_OBJC_ARC = YES;
				CLANG_ENABLE_OBJC_WEAK = YES;
				CLANG_WARN_BLOCK_CAPTURE_AUTORELEASING = YES;
				CLANG_WARN_BOOL_CONVERSION = YES;
				CLANG_WARN_COMMA = YES;
				CLANG_WARN_CONSTANT_CONVERSION = YES;
				CLANG_WARN_DEPRECATED_OBJC_IMPLEMENTATIONS = YES;
				CLANG_WARN_DIRECT_OBJC_ISA_USAGE = YES_ERROR;
				CLANG_WARN_DOCUMENTATION_COMMENTS = YES;
				CLANG_WARN_EMPTY_BODY = YES;
				CLANG_WARN_ENUM_CONVERSION = YES;
				CLANG_WARN_INFINITE_RECURSION = YES;
				CLANG_WARN_INT_CONVERSION = YES;
				CLANG_WARN_NON_LITERAL_NULL_CONVERSION = YES;
				CLANG_WARN_OBJC_IMPLICIT_RETAIN_SELF = YES;
				CLANG_WARN_OBJC_LITERAL_CONVERSION = YES;
				CLANG_WARN_OBJC_ROOT_CLASS = YES_ERROR;
				CLANG_WARN_RANGE_LOOP_ANALYSIS = YES;
				CLANG_WARN_STRICT_PROTOTYPES = YES;
				CLANG_WARN_SUSPICIOUS_MOVE = YES;
				CLANG_WARN_UNGUARDED_AVAILABILITY = YES_AGGRESSIVE;
				CLANG_WARN_UNREACHABLE_CODE = YES;
				CLANG_WARN__DUPLICATE_METHOD_MATCH = YES;
				CODE_SIGN_IDENTITY = "iPhone Developer";
				COPY_PHASE_STRIP = NO;
				DEBUG_INFORMATION_FORMAT = "dwarf-with-dsym";
				ENABLE_NS_ASSERTIONS = NO;
				ENABLE_STRICT_OBJC_MSGSEND = YES;
				GCC_C_LANGUAGE_STANDARD = gnu11;
				GCC_NO_COMMON_BLOCKS = YES;
				GCC_WARN_64_TO_32_BIT_CONVERSION = YES;
				GCC_WARN_ABOUT_RETURN_TYPE = YES_ERROR;
				GCC_WARN_UNDECLARED_SELECTOR = YES;
				GCC_WARN_UNINITIALIZED_AUTOS = YES_AGGRESSIVE;
				GCC_WARN_UNUSED_FUNCTION = YES;
				GCC_WARN_UNUSED_VARIABLE = YES;
				IPHONEOS_DEPLOYMENT_TARGET = 12.1;
				MTL_ENABLE_DEBUG_INFO = NO;
				MTL_FAST_MATH = YES;
				SDKROOT = iphoneos;
				VALIDATE_PRODUCT = YES;
			};
			name = Release;
		};
		C40C31B321F73BF700109E4A /* Debug */ = {
			isa = XCBuildConfiguration;
			baseConfigurationReference = 236EFB1A454465138531D4F6 /* Pods-V2Client.debug.xcconfig */;
			buildSettings = {
				ASSETCATALOG_COMPILER_APPICON_NAME = AppIcon;
				CODE_SIGN_STYLE = Automatic;
				DEVELOPMENT_TEAM = VCH95B9VQ5;
				INFOPLIST_FILE = V2Client/Info.plist;
				LD_RUNPATH_SEARCH_PATHS = (
					"$(inherited)",
					"@executable_path/Frameworks",
				);
				PRODUCT_BUNDLE_IDENTIFIER = com.sandrew.V2Client;
				PRODUCT_NAME = "$(TARGET_NAME)";
				TARGETED_DEVICE_FAMILY = "1,2";
			};
			name = Debug;
		};
		C40C31B421F73BF700109E4A /* Release */ = {
			isa = XCBuildConfiguration;
			baseConfigurationReference = 71D14DB8B1D4A91E0B17CBFA /* Pods-V2Client.release.xcconfig */;
			buildSettings = {
				ASSETCATALOG_COMPILER_APPICON_NAME = AppIcon;
				CODE_SIGN_STYLE = Automatic;
				DEVELOPMENT_TEAM = VCH95B9VQ5;
				INFOPLIST_FILE = V2Client/Info.plist;
				LD_RUNPATH_SEARCH_PATHS = (
					"$(inherited)",
					"@executable_path/Frameworks",
				);
				PRODUCT_BUNDLE_IDENTIFIER = com.sandrew.V2Client;
				PRODUCT_NAME = "$(TARGET_NAME)";
				TARGETED_DEVICE_FAMILY = "1,2";
			};
			name = Release;
		};
/* End XCBuildConfiguration section */

/* Begin XCConfigurationList section */
		C40C319721F73BF600109E4A /* Build configuration list for PBXProject "V2Client" */ = {
			isa = XCConfigurationList;
			buildConfigurations = (
				C40C31B021F73BF700109E4A /* Debug */,
				C40C31B121F73BF700109E4A /* Release */,
			);
			defaultConfigurationIsVisible = 0;
			defaultConfigurationName = Release;
		};
		C40C31B221F73BF700109E4A /* Build configuration list for PBXNativeTarget "V2Client" */ = {
			isa = XCConfigurationList;
			buildConfigurations = (
				C40C31B321F73BF700109E4A /* Debug */,
				C40C31B421F73BF700109E4A /* Release */,
			);
			defaultConfigurationIsVisible = 0;
			defaultConfigurationName = Release;
		};
/* End XCConfigurationList section */
	};
	rootObject = C40C319421F73BF600109E4A /* Project object */;
}
